
Microsoft Visual Studio Solution File, Format Version 12.00
# Visual Studio 2012
Project("{FAE04EC0-301F-11D3-BF4B-00C04F79EFBC}") = "PDFtoExcelConverter", "PDFtoExcelConverter\PDFtoExcelConverter.csproj", "{EE624843-964B-463E-9B99-7FCEA0B672E0}"
EndProject
Global
	GlobalSection(SolutionConfigurationPlatforms) = preSolution
		Debug|Any CPU = Debug|Any CPU
		Release|Any CPU = Release|Any CPU
	EndGlobalSection
	GlobalSection(ProjectConfigurationPlatforms) = postSolution
		{EE624843-964B-463E-9B99-7FCEA0B672E0}.Debug|Any CPU.ActiveCfg = Debug|Any CPU
		{EE624843-964B-463E-9B99-7FCEA0B672E0}.Debug|Any CPU.Build.0 = Debug|Any CPU
		{EE624843-964B-463E-9B99-7FCEA0B672E0}.Release|Any CPU.ActiveCfg = Release|Any CPU
		{EE624843-964B-463E-9B99-7FCEA0B672E0}.Release|Any CPU.Build.0 = Release|Any CPU
	EndGlobalSection
	GlobalSection(SolutionProperties) = preSolution
		HideSolutionNode = FALSE
	EndGlobalSection
EndGlobal
